{
    "name": "queuing_system_in_js",
    "version": "1.0.0",
    "lockfileVersion": 3,
    "requires": true,
    "packages": {
        "": {
            "name": "queuing_system_in_js",
            "version": "1.0.0",
            "license": "ISC",
            "dependencies": {
                "chai-http": "^4.3.0",
                "express": "^4.17.1",
                "kue": "^0.11.6",
                "redis": "^2.8.0"
            },
            "devDependencies": {
                "@babel/cli": "^7.8.0",
                "@babel/core": "^7.8.0",
                "@babel/node": "^7.8.0",
                "@babel/preset-env": "^7.8.2",
                "@babel/register": "^7.8.0",
                "chai": "^4.2.0",
                "eslint": "^6.4.0",
                "eslint-config-airbnb-base": "^14.0.0",
                "eslint-plugin-import": "^2.18.2",
                "eslint-plugin-jest": "^22.17.0",
                "mocha": "^6.2.2",
                "nodemon": "^2.0.2",
                "request": "^2.88.0",
                "sinon": "^7.5.0"
            }
        },
        "node_modules/@ampproject/remapping": {
            "version": "2.3.0",
            "resolved": "https://registry.npmjs.org/@ampproject/remapping/-/remapping-2.3.0.tgz",
            "integrity": "sha512-30iZtAPgz+LTIYoeivqYo853f02jBYSd5uGnGpkFV0M3xOt9aN73erkgYAmZU43x4VfqcnLxW9Kpg3R5LC4YYw==",
            "dev": true,
            "dependencies": {
                "@jridgewell/gen-mapping": "^0.3.5",
                "@jridgewell/trace-mapping": "^0.3.24"
            },
            "engines": {
                "node": ">=6.0.0"
            }
        },
        "node_modules/@babel/cli": {
            "version": "7.23.9",
            "resolved": "https://registry.npmjs.org/@babel/cli/-/cli-7.23.9.tgz",
            "integrity": "sha512-vB1UXmGDNEhcf1jNAHKT9IlYk1R+hehVTLFlCLHBi8gfuHQGP6uRjgXVYU0EVlI/qwAWpstqkBdf2aez3/z/5Q==",
            "dev": true,
            "dependencies": {
                "@jridgewell/trace-mapping": "^0.3.17",
                "commander": "^4.0.1",
                "convert-source-map": "^2.0.0",
                "fs-readdir-recursive": "^1.1.0",
                "glob": "^7.2.0",
                "make-dir": "^2.1.0",
                "slash": "^2.0.0"
            },
            "bin": {
                "babel": "bin/babel.js",
                "babel-external-helpers": "bin/babel-external-helpers.js"
            },
            "engines": {
                "node": ">=6.9.0"
            },
            "optionalDependencies": {
                "@nicolo-ribaudo/chokidar-2": "2.1.8-no-fsevents.3",
                "chokidar": "^3.4.0"
            },
            "peerDependencies": {
                "@babel/core": "^7.0.0-0"
            }
        },
        "node_modules/@babel/code-frame": {
            "version": "7.23.5",
            "resolved": "https://registry.npmjs.org/@babel/code-frame/-/code-frame-7.23.5.tgz",
            "integrity": "sha512-CgH3s1a96LipHCmSUmYFPwY7MNx8C3avkq7i4Wl3cfa662ldtUe4VM1TPXX70pfmrlWTb6jLqTYrZyT2ZTJBgA==",
            "dev": true,
            "dependencies": {
                "@babel/highlight": "^7.23.4",
                "chalk": "^2.4.2"
            },
            "engines": {
                "node": ">=6.9.0"
            }
        },
        "node_modules/@babel/compat-data": {
            "version": "7.23.5",
            "resolved": "https://registry.npmjs.org/@babel/compat-data/-/compat-data-7.23.5.tgz",
            "integrity": "sha512-uU27kfDRlhfKl+w1U6vp16IuvSLtjAxdArVXPa9BvLkrr7CYIsxH5adpHObeAGY/41+syctUWOZ140a2Rvkgjw==",
            "dev": true,
            "engines": {
                "node": ">=6.9.0"
            }
        },
        "node_modules/@babel/core": {
            "version": "7.24.0",
            "resolved": "https://registry.npmjs.org/@babel/core/-/core-7.24.0.tgz",
            "integrity": "sha512-fQfkg0Gjkza3nf0c7/w6Xf34BW4YvzNfACRLmmb7XRLa6XHdR+K9AlJlxneFfWYf6uhOzuzZVTjF/8KfndZANw==",
            "dev": true,
            "dependencies": {
                "@ampproject/remapping": "^2.2.0",
                "@babel/code-frame": "^7.23.5",
                "@babel/generator": "^7.23.6",
                "@babel/helper-compilation-targets": "^7.23.6",
                "@babel/helper-module-transforms": "^7.23.3",
                "@babel/helpers": "^7.24.0",
                "@babel/parser": "^7.24.0",
                "@babel/template": "^7.24.0",
                "@babel/traverse": "^7.24.0",
                "@babel/types": "^7.24.0",
                "convert-source-map": "^2.0.0",
                "debug": "^4.1.0",
                "gensync": "^1.0.0-beta.2",
                "json5": "^2.2.3",
                "semver": "^6.3.1"
            },
            "engines": {
                "node": ">=6.9.0"
            },
            "funding": {
                "type": "opencollective",
                "url": "https://opencollective.com/babel"
            }
        },
        "node_modules/@babel/generator": {
            "version": "7.23.6",
            "resolved": "https://registry.npmjs.org/@babel/generator/-/generator-7.23.6.tgz",
            "integrity": "sha512-qrSfCYxYQB5owCmGLbl8XRpX1ytXlpueOb0N0UmQwA073KZxejgQTzAmJezxvpwQD9uGtK2shHdi55QT+MbjIw==",
            "dev": true,
            "dependencies": {
                "@babel/types": "^7.23.6",
                "@jridgewell/gen-mapping": "^0.3.2",
                "@jridgewell/trace-mapping": "^0.3.17",
                "jsesc": "^2.5.1"
            },
            "engines": {
                "node": ">=6.9.0"
            }
        },
        "node_modules/@babel/helper-annotate-as-pure": {
            "version": "7.22.5",
            "resolved": "https://registry.npmjs.org/@babel/helper-annotate-as-pure/-/helper-annotate-as-pure-7.22.5.tgz",
            "integrity": "sha512-LvBTxu8bQSQkcyKOU+a1btnNFQ1dMAd0R6PyW3arXes06F6QLWLIrd681bxRPIXlrMGR3XYnW9JyML7dP3qgxg==",
            "dev": true,
            "dependencies": {
                "@babel/types": "^7.22.5"
            },
            "engines": {
                "node": ">=6.9.0"
            }
        },
        "node_modules/@babel/helper-builder-binary-assignment-operator-visitor": {
            "version": "7.22.15",
            "resolved": "https://registry.npmjs.org/@babel/helper-builder-binary-assignment-operator-visitor/-/helper-builder-binary-assignment-operator-visitor-7.22.15.tgz",
            "integrity": "sha512-QkBXwGgaoC2GtGZRoma6kv7Szfv06khvhFav67ZExau2RaXzy8MpHSMO2PNoP2XtmQphJQRHFfg77Bq731Yizw==",
            "dev": true,
            "dependencies": {
                "@babel/types": "^7.22.15"
            },
            "engines": {
                "node": ">=6.9.0"
            }
        },
        "node_modules/@babel/helper-compilation-targets": {
            "version": "7.23.6",
            "resolved": "https://registry.npmjs.org/@babel/helper-compilation-targets/-/helper-compilation-targets-7.23.6.tgz",
            "integrity": "sha512-9JB548GZoQVmzrFgp8o7KxdgkTGm6xs9DW0o/Pim72UDjzr5ObUQ6ZzYPqA+g9OTS2bBQoctLJrky0RDCAWRgQ==",
            "dev": true,
            "dependencies": {
                "@babel/compat-data": "^7.23.5",
                "@babel/helper-validator-option": "^7.23.5",
                "browserslist": "^4.22.2",
                "lru-cache": "^5.1.1",
                "semver": "^6.3.1"
            },
            "engines": {
                "node": ">=6.9.0"
            }
        },
        "node_modules/@babel/helper-create-class-features-plugin": {
            "version": "7.24.0",
            "resolved": "https://registry.npmjs.org/@babel/helper-create-class-features-plugin/-/helper-create-class-features-plugin-7.24.0.tgz",
            "integrity": "sha512-QAH+vfvts51BCsNZ2PhY6HAggnlS6omLLFTsIpeqZk/MmJ6cW7tgz5yRv0fMJThcr6FmbMrENh1RgrWPTYA76g==",
            "dev": true,
            "dependencies": {
                "@babel/helper-annotate-as-pure": "^7.22.5",
                "@babel/helper-environment-visitor": "^7.22.20",
                "@babel/helper-function-name": "^7.23.0",
                "@babel/helper-member-expression-to-functions": "^7.23.0",
                "@babel/helper-optimise-call-expression": "^7.22.5",
                "@babel/helper-replace-supers": "^7.22.20",
                "@babel/helper-skip-transparent-expression-wrappers": "^7.22.5",
                "@babel/helper-split-export-declaration": "^7.22.6",
                "semver": "^6.3.1"
            },
            "engines": {
                "node": ">=6.9.0"
            },
            "peerDependencies": {
                "@babel/core": "^7.0.0"
            }
        },
        "node_modules/@babel/helper-create-regexp-features-plugin": {
            "version": "7.22.15",
            "resolved": "https://registry.npmjs.org/@babel/helper-create-regexp-features-plugin/-/helper-create-regexp-features-plugin-7.22.15.tgz",
            "integrity": "sha512-29FkPLFjn4TPEa3RE7GpW+qbE8tlsu3jntNYNfcGsc49LphF1PQIiD+vMZ1z1xVOKt+93khA9tc2JBs3kBjA7w==",
            "dev": true,
            "dependencies": {
                "@babel/helper-annotate-as-pure": "^7.22.5",
                "regexpu-core": "^5.3.1",
                "semver": "^6.3.1"
            },
            "engines": {
                "node": ">=6.9.0"
            },
            "peerDependencies": {
                "@babel/core": "^7.0.0"
            }
        },
        "node_modules/@babel/helper-define-polyfill-provider": {
            "version": "0.5.0",
            "resolved": "https://registry.npmjs.org/@babel/helper-define-polyfill-provider/-/helper-define-polyfill-provider-0.5.0.tgz",
            "integrity": "sha512-NovQquuQLAQ5HuyjCz7WQP9MjRj7dx++yspwiyUiGl9ZyadHRSql1HZh5ogRd8W8w6YM6EQ/NTB8rgjLt5W65Q==",
            "dev": true,
            "dependencies": {
                "@babel/helper-compilation-targets": "^7.22.6",
                "@babel/helper-plugin-utils": "^7.22.5",
                "debug": "^4.1.1",
                "lodash.debounce": "^4.0.8",
                "resolve": "^1.14.2"
            },
            "peerDependencies": {
                "@babel/core": "^7.4.0 || ^8.0.0-0 <8.0.0"
            }
        },
        "node_modules/@babel/helper-environment-visitor": {
            "version": "7.22.20",
            "resolved": "https://registry.npmjs.org/@babel/helper-environment-visitor/-/helper-environment-visitor-7.22.20.tgz",
            "integrity": "sha512-zfedSIzFhat/gFhWfHtgWvlec0nqB9YEIVrpuwjruLlXfUSnA8cJB0miHKwqDnQ7d32aKo2xt88/xZptwxbfhA==",
            "dev": true,
            "engines": {
                "node": ">=6.9.0"
            }
        },
        "node_modules/@babel/helper-function-name": {
            "version": "7.23.0",
            "resolved": "https://registry.npmjs.org/@babel/helper-function-name/-/helper-function-name-7.23.0.tgz",
            "integrity": "sha512-OErEqsrxjZTJciZ4Oo+eoZqeW9UIiOcuYKRJA4ZAgV9myA+pOXhhmpfNCKjEH/auVfEYVFJ6y1Tc4r0eIApqiw==",
            "dev": true,
            "dependencies": {
                "@babel/template": "^7.22.15",
                "@babel/types": "^7.23.0"
            },
            "engines": {
                "node": ">=6.9.0"
            }
        },
        "node_modules/@babel/helper-hoist-variables": {
            "version": "7.22.5",
            "resolved": "https://registry.npmjs.org/@babel/helper-hoist-variables/-/helper-hoist-variables-7.22.5.tgz",
            "integrity": "sha512-wGjk9QZVzvknA6yKIUURb8zY3grXCcOZt+/7Wcy8O2uctxhplmUPkOdlgoNhmdVee2c92JXbf1xpMtVNbfoxRw==",
            "dev": true,
            "dependencies": {
                "@babel/types": "^7.22.5"
            },
            "engines": {
                "node": ">=6.9.0"
            }
        },
        "node_modules/@babel/helper-member-expression-to-functions": {
            "version": "7.23.0",
            "resolved": "https://registry.npmjs.org/@babel/helper-member-expression-to-functions/-/helper-member-expression-to-functions-7.23.0.tgz",
            "integrity": "sha512-6gfrPwh7OuT6gZyJZvd6WbTfrqAo7vm4xCzAXOusKqq/vWdKXphTpj5klHKNmRUU6/QRGlBsyU9mAIPaWHlqJA==",
            "dev": true,
            "dependencies": {
                "@babel/types": "^7.23.0"
            },
            "engines": {
                "node": ">=6.9.0"
            }
        },
        "node_modules/@babel/helper-module-imports": {
            "version": "7.22.15",
            "resolved": "https://registry.npmjs.org/@babel/helper-module-imports/-/helper-module-imports-7.22.15.tgz",
            "integrity": "sha512-0pYVBnDKZO2fnSPCrgM/6WMc7eS20Fbok+0r88fp+YtWVLZrp4CkafFGIp+W0VKw4a22sgebPT99y+FDNMdP4w==",
            "dev": true,
            "dependencies": {
                "@babel/types": "^7.22.15"
            },
            "engines": {
                "node": ">=6.9.0"
            }
        },
        "node_modules/@babel/helper-module-transforms": {
            "version": "7.23.3",
            "resolved": "https://registry.npmjs.org/@babel/helper-module-transforms/-/helper-module-transforms-7.23.3.tgz",
            "integrity": "sha512-7bBs4ED9OmswdfDzpz4MpWgSrV7FXlc3zIagvLFjS5H+Mk7Snr21vQ6QwrsoCGMfNC4e4LQPdoULEt4ykz0SRQ==",
            "dev": true,
            "dependencies": {
                "@babel/helper-environment-visitor": "^7.22.20",
                "@babel/helper-module-imports": "^7.22.15",
                "@babel/helper-simple-access": "^7.22.5",
                "@babel/helper-split-export-declaration": "^7.22.6",
                "@babel/helper-validator-identifier": "^7.22.20"
            },
            "engines": {
                "node": ">=6.9.0"
            },
            "peerDependencies": {
                "@babel/core": "^7.0.0"
            }
        },
        "node_modules/@babel/helper-optimise-call-expression": {
            "version": "7.22.5",
            "resolved": "https://registry.npmjs.org/@babel/helper-optimise-call-expression/-/helper-optimise-call-expression-7.22.5.tgz",
            "integrity": "sha512-HBwaojN0xFRx4yIvpwGqxiV2tUfl7401jlok564NgB9EHS1y6QT17FmKWm4ztqjeVdXLuC4fSvHc5ePpQjoTbw==",
            "dev": true,
            "dependencies": {
                "@babel/types": "^7.22.5"
            },
            "engines": {
                "node": ">=6.9.0"
            }
        },
        "node_modules/@babel/helper-plugin-utils": {
            "version": "7.24.0",
            "resolved": "https://registry.npmjs.org/@babel/helper-plugin-utils/-/helper-plugin-utils-7.24.0.tgz",
            "integrity": "sha512-9cUznXMG0+FxRuJfvL82QlTqIzhVW9sL0KjMPHhAOOvpQGL8QtdxnBKILjBqxlHyliz0yCa1G903ZXI/FuHy2w==",
            "dev": true,
            "engines": {
                "node": ">=6.9.0"
            }
        },
        "node_modules/@babel/helper-remap-async-to-generator": {
            "version": "7.22.20",
            "resolved": "https://registry.npmjs.org/@babel/helper-remap-async-to-generator/-/helper-remap-async-to-generator-7.22.20.tgz",
            "integrity": "sha512-pBGyV4uBqOns+0UvhsTO8qgl8hO89PmiDYv+/COyp1aeMcmfrfruz+/nCMFiYyFF/Knn0yfrC85ZzNFjembFTw==",
            "dev": true,
            "dependencies": {
                "@babel/helper-annotate-as-pure": "^7.22.5",
                "@babel/helper-environment-visitor": "^7.22.20",
                "@babel/helper-wrap-function": "^7.22.20"
            },
            "engines": {
                "node": ">=6.9.0"
            },
            "peerDependencies": {
                "@babel/core": "^7.0.0"
            }
        },
        "node_modules/@babel/helper-replace-supers": {
            "version": "7.22.20",
            "resolved": "https://registry.npmjs.org/@babel/helper-replace-supers/-/helper-replace-supers-7.22.20.tgz",
            "integrity": "sha512-qsW0In3dbwQUbK8kejJ4R7IHVGwHJlV6lpG6UA7a9hSa2YEiAib+N1T2kr6PEeUT+Fl7najmSOS6SmAwCHK6Tw==",
            "dev": true,
            "dependencies": {
                "@babel/helper-environment-visitor": "^7.22.20",
                "@babel/helper-member-expression-to-functions": "^7.22.15",
                "@babel/helper-optimise-call-expression": "^7.22.5"
            },
            "engines": {
                "node": ">=6.9.0"
            },
            "peerDependencies": {
                "@babel/core": "^7.0.0"
            }
        },
        "node_modules/@babel/helper-simple-access": {
            "version": "7.22.5",
            "resolved": "https://registry.npmjs.org/@babel/helper-simple-access/-/helper-simple-access-7.22.5.tgz",
            "integrity": "sha512-n0H99E/K+Bika3++WNL17POvo4rKWZ7lZEp1Q+fStVbUi8nxPQEBOlTmCOxW/0JsS56SKKQ+ojAe2pHKJHN35w==",
            "dev": true,
            "dependencies": {
                "@babel/types": "^7.22.5"
            },
            "engines": {
                "node": ">=6.9.0"
            }
        },
        "node_modules/@babel/helper-skip-transparent-expression-wrappers": {
            "version": "7.22.5",
            "resolved": "https://registry.npmjs.org/@babel/helper-skip-transparent-expression-wrappers/-/helper-skip-transparent-expression-wrappers-7.22.5.tgz",
            "integrity": "sha512-tK14r66JZKiC43p8Ki33yLBVJKlQDFoA8GYN67lWCDCqoL6EMMSuM9b+Iff2jHaM/RRFYl7K+iiru7hbRqNx8Q==",
            "dev": true,
            "dependencies": {
                "@babel/types": "^7.22.5"
            },
            "engines": {
                "node": ">=6.9.0"
            }
        },
        "node_modules/@babel/helper-split-export-declaration": {
            "version": "7.22.6",
            "resolved": "https://registry.npmjs.org/@babel/helper-split-export-declaration/-/helper-split-export-declaration-7.22.6.tgz",
            "integrity": "sha512-AsUnxuLhRYsisFiaJwvp1QF+I3KjD5FOxut14q/GzovUe6orHLesW2C7d754kRm53h5gqrz6sFl6sxc4BVtE/g==",
            "dev": true,
            "dependencies": {
                "@babel/types": "^7.22.5"
            },
            "engines": {
                "node": ">=6.9.0"
            }
        },
        "node_modules/@babel/helper-string-parser": {
            "version": "7.23.4",
            "resolved": "https://registry.npmjs.org/@babel/helper-string-parser/-/helper-string-parser-7.23.4.tgz",
            "integrity": "sha512-803gmbQdqwdf4olxrX4AJyFBV/RTr3rSmOj0rKwesmzlfhYNDEs+/iOcznzpNWlJlIlTJC2QfPFcHB6DlzdVLQ==",
            "dev": true,
            "engines": {
                "node": ">=6.9.0"
            }
        },
        "node_modules/@babel/helper-validator-identifier": {
            "version": "7.22.20",
            "resolved": "https://registry.npmjs.org/@babel/helper-validator-identifier/-/helper-validator-identifier-7.22.20.tgz",
            "integrity": "sha512-Y4OZ+ytlatR8AI+8KZfKuL5urKp7qey08ha31L8b3BwewJAoJamTzyvxPR/5D+KkdJCGPq/+8TukHBlY10FX9A==",
            "dev": true,
            "engines": {
                "node": ">=6.9.0"
            }
        },
        "node_modules/@babel/helper-validator-option": {
            "version": "7.23.5",
            "resolved": "https://registry.npmjs.org/@babel/helper-validator-option/-/helper-validator-option-7.23.5.tgz",
            "integrity": "sha512-85ttAOMLsr53VgXkTbkx8oA6YTfT4q7/HzXSLEYmjcSTJPMPQtvq1BD79Byep5xMUYbGRzEpDsjUf3dyp54IKw==",
            "dev": true,
            "engines": {
                "node": ">=6.9.0"
            }
        },
        "node_modules/@babel/helper-wrap-function": {
            "version": "7.22.20",
            "resolved": "https://registry.npmjs.org/@babel/helper-wrap-function/-/helper-wrap-function-7.22.20.tgz",
            "integrity": "sha512-pms/UwkOpnQe/PDAEdV/d7dVCoBbB+R4FvYoHGZz+4VPcg7RtYy2KP7S2lbuWM6FCSgob5wshfGESbC/hzNXZw==",
            "dev": true,
            "dependencies": {
                "@babel/helper-function-name": "^7.22.5",
                "@babel/template": "^7.22.15",
                "@babel/types": "^7.22.19"
            },
            "engines": {
                "node": ">=6.9.0"
            }
        },
        "node_modules/@babel/helpers": {
            "version": "7.24.0",
            "resolved": "https://registry.npmjs.org/@babel/helpers/-/helpers-7.24.0.tgz",
            "integrity": "sha512-ulDZdc0Aj5uLc5nETsa7EPx2L7rM0YJM8r7ck7U73AXi7qOV44IHHRAYZHY6iU1rr3C5N4NtTmMRUJP6kwCWeA==",
            "dev": true,
            "dependencies": {
                "@babel/template": "^7.24.0",
                "@babel/traverse": "^7.24.0",
                "@babel/types": "^7.24.0"
            },
            "engines": {
                "node": ">=6.9.0"
            }
        },
        "node_modules/@babel/highlight": {
            "version": "7.23.4",
            "resolved": "https://registry.npmjs.org/@babel/highlight/-/highlight-7.23.4.tgz",
            "integrity": "sha512-acGdbYSfp2WheJoJm/EBBBLh/ID8KDc64ISZ9DYtBmC8/Q204PZJLHyzeB5qMzJ5trcOkybd78M4x2KWsUq++A==",
            "dev": true,
            "dependencies": {
                "@babel/helper-validator-identifier": "^7.22.20",
                "chalk": "^2.4.2",
                "js-tokens": "^4.0.0"
            },
            "engines": {
                "node": ">=6.9.0"
            }
        },
        "node_modules/@babel/node": {
            "version": "7.23.9",
            "resolved": "https://registry.npmjs.org/@babel/node/-/node-7.23.9.tgz",
            "integrity": "sha512-/d4ju/POwlGIJlZ+NqWH1qu61wt6ZlTZZZutrK2MOSdaH1JCh726nLw/GSvAjG+LTY6CO9SsB8uWcttnFKm6yg==",
            "dev": true,
            "dependencies": {
                "@babel/register": "^7.23.7",
                "commander": "^4.0.1",
                "core-js": "^3.30.2",
                "node-environment-flags": "^1.0.5",
                "regenerator-runtime": "^0.14.0",
                "v8flags": "^3.1.1"
            },
            "bin": {
                "babel-node": "bin/babel-node.js"
            },
            "engines": {
                "node": ">=6.9.0"
            },
            "peerDependencies": {
                "@babel/core": "^7.0.0-0"
            }
        },
        "node_modules/@babel/parser": {
            "version": "7.24.0",
            "resolved": "https://registry.npmjs.org/@babel/parser/-/parser-7.24.0.tgz",
            "integrity": "sha512-QuP/FxEAzMSjXygs8v4N9dvdXzEHN4W1oF3PxuWAtPo08UdM17u89RDMgjLn/mlc56iM0HlLmVkO/wgR+rDgHg==",
            "dev": true,
            "bin": {
                "parser": "bin/babel-parser.js"
            },
            "engines": {
                "node": ">=6.0.0"
            }
        },
        "node_modules/@babel/plugin-bugfix-safari-id-destructuring-collision-in-function-expression": {
            "version": "7.23.3",
            "resolved": "https://registry.npmjs.org/@babel/plugin-bugfix-safari-id-destructuring-collision-in-function-expression/-/plugin-bugfix-safari-id-destructuring-collision-in-function-expression-7.23.3.tgz",
            "integrity": "sha512-iRkKcCqb7iGnq9+3G6rZ+Ciz5VywC4XNRHe57lKM+jOeYAoR0lVqdeeDRfh0tQcTfw/+vBhHn926FmQhLtlFLQ==",
            "dev": true,
            "dependencies": {
                "@babel/helper-plugin-utils": "^7.22.5"
            },
            "engines": {
                "node": ">=6.9.0"
            },
            "peerDependencies": {
                "@babel/core": "^7.0.0"
            }
        },
        "node_modules/@babel/plugin-bugfix-v8-spread-parameters-in-optional-chaining": {
            "version": "7.23.3",
            "resolved": "https://registry.npmjs.org/@babel/plugin-bugfix-v8-spread-parameters-in-optional-chaining/-/plugin-bugfix-v8-spread-parameters-in-optional-chaining-7.23.3.tgz",
            "integrity": "sha512-WwlxbfMNdVEpQjZmK5mhm7oSwD3dS6eU+Iwsi4Knl9wAletWem7kaRsGOG+8UEbRyqxY4SS5zvtfXwX+jMxUwQ==",
            "dev": true,
            "dependencies": {
                "@babel/helper-plugin-utils": "^7.22.5",
                "@babel/helper-skip-transparent-expression-wrappers": "^7.22.5",
                "@babel/plugin-transform-optional-chaining": "^7.23.3"
            },
            "engines": {
                "node": ">=6.9.0"
            },
            "peerDependencies": {
                "@babel/core": "^7.13.0"
            }
        },
        "node_modules/@babel/plugin-bugfix-v8-static-class-fields-redefine-readonly": {
      
